
Microsoft Visual Studio Solution File, Format Version 12.00
# Visual Studio 14
VisualStudioVersion = 14.0.25420.1
MinimumVisualStudioVersion = 10.0.40219.1
Project("{FAE04EC0-301F-11D3-BF4B-00C04F79EFBC}") = "Draw_ClassLibrary", "Draw_ClassLibrary\Draw_ClassLibrary.csproj", "{9A9C6C74-961B-4B87-955D-5DF502F1C2FE}"
EndProject
Project("{FAE04EC0-301F-11D3-BF4B-00C04F79EFBC}") = "Console_Reflector", "Console_Reflector\Console_Reflector.csproj", "{4FF1E3FE-154D-48A1-BF51-E3C62EA3FA3B}"
EndProject
Global
	GlobalSection(SolutionConfigurationPlatforms) = preSolution
		Debug|Any CPU = Debug|Any CPU
		Release|Any CPU = Release|Any CPU
	EndGlobalSection
	GlobalSection(ProjectConfigurationPlatforms) = postSolution
		{9A9C6C74-961B-4B87-955D-5DF502F1C2FE}.Debug|Any CPU.ActiveCfg = Debug|Any CPU
		{9A9C6C74-961B-4B87-955D-5DF502F1C2FE}.Debug|Any CPU.Build.0 = Debug|Any CPU
		{9A9C6C74-961B-4B87-955D-5DF502F1C2FE}.Release|Any CPU.ActiveCfg = Release|Any CPU
		{9A9C6C74-961B-4B87-955D-5DF502F1C2FE}.Release|Any CPU.Build.0 = Release|Any CPU
		{4FF1E3FE-154D-48A1-BF51-E3C62EA3FA3B}.Debug|Any CPU.ActiveCfg = Debug|Any CPU
		{4FF1E3FE-154D-48A1-BF51-E3C62EA3FA3B}.Debug|Any CPU.Build.0 = Debug|Any CPU
		{4FF1E3FE-154D-48A1-BF51-E3C62EA3FA3B}.Release|Any CPU.ActiveCfg = Release|Any CPU
		{4FF1E3FE-154D-48A1-BF51-E3C62EA3FA3B}.Release|Any CPU.Build.0 = Release|Any CPU
	EndGlobalSection
	GlobalSection(SolutionProperties) = preSolution
		HideSolutionNode = FALSE
	EndGlobalSection
EndGlobal
